<?xml version="1.0" encoding="utf-8"?>
<Project ToolsVersion="4.0" xmlns="http://schemas.microsoft.com/developer/msbuild/2003">
  <ItemGroup>
    <ClCompile Include="main.cpp" />
    <ClCompile Include="ssd.cpp" />
    <ClCompile Include="virtual_nand.cpp">
      <Filter>Nand</Filter>
    </ClCompile>
    <ClCompile Include="Command.cpp" />
  </ItemGroup>
  <ItemGroup>
    <None Include="packages.config" />
  </ItemGroup>
  <ItemGroup>
    <Filter Include="Nand">
      <UniqueIdentifier>{58200bd8-4f88-4115-ae86-6a8dff2df51d}</UniqueIdentifier>
    </Filter>
  </ItemGroup>
  <ItemGroup>
    <ClInclude Include="inand.h">
      <Filter>Nand</Filter>
    </ClInclude>
  </ItemGroup>
</Project>